
Microsoft Visual Studio Solution File, Format Version 12.00
# Visual Studio Version 16
VisualStudioVersion = 16.0.29209.152
MinimumVisualStudioVersion = 10.0.40219.1
Project("{FAE04EC0-301F-11D3-BF4B-00C04F79EFBC}") = "ActOfProvidedServices", "ActOfProvidedServices\ActOfProvidedServices.csproj", "{21F8D4F6-4671-442D-84F5-630D7C875997}"
EndProject
Global
	GlobalSection(SolutionConfigurationPlatforms) = preSolution
		Debug|Any CPU = Debug|Any CPU
		Release|Any CPU = Release|Any CPU
	EndGlobalSection
	GlobalSection(ProjectConfigurationPlatforms) = postSolution
		{21F8D4F6-4671-442D-84F5-630D7C875997}.Debug|Any CPU.ActiveCfg = Debug|Any CPU
		{21F8D4F6-4671-442D-84F5-630D7C875997}.Debug|Any CPU.Build.0 = Debug|Any CPU
		{21F8D4F6-4671-442D-84F5-630D7C875997}.Release|Any CPU.ActiveCfg = Release|Any CPU
		{21F8D4F6-4671-442D-84F5-630D7C875997}.Release|Any CPU.Build.0 = Release|Any CPU
	EndGlobalSection
	GlobalSection(SolutionProperties) = preSolution
		HideSolutionNode = FALSE
	EndGlobalSection
	GlobalSection(ExtensibilityGlobals) = postSolution
		SolutionGuid = {EF1E8BF4-242B-4C59-BB35-2006990BE1C0}
	EndGlobalSection
EndGlobal
